
Microsoft Visual Studio Solution File, Format Version 12.00
# Visual Studio Version 16
VisualStudioVersion = 16.0.29905.134
MinimumVisualStudioVersion = 10.0.40219.1
Project("{9A19103F-16F7-4668-BE54-9A1E7A4F7556}") = "BfmeOnline.Launcher", "BfmeOnline.Launcher\BfmeOnline.Launcher.csproj", "{34ACBA19-0E63-48BD-B812-9241E77B5AD8}"
EndProject
Project("{930C7802-8A8C-48F9-8165-68863BCCD9DD}") = "BfmeOnlineLauncher.Installer", "BfmeOnline.Launcher.Installer\BfmeOnlineLauncher.Installer.wixproj", "{99C51667-AFAE-48E5-89A5-DB3BD01F3802}"
EndProject
Project("{FAE04EC0-301F-11D3-BF4B-00C04F79EFBC}") = "BfmeOnline.OptionsEditor", "BfmeOnline.OptionsEditor\BfmeOnline.OptionsEditor.csproj", "{B833A5C9-55AA-488A-B676-07A2FB85B672}"
EndProject
Global
	GlobalSection(SolutionConfigurationPlatforms) = preSolution
		Debug|Any CPU = Debug|Any CPU
		Debug|x64 = Debug|x64
		Debug|x86 = Debug|x86
		Release|Any CPU = Release|Any CPU
		Release|x64 = Release|x64
		Release|x86 = Release|x86
	EndGlobalSection
	GlobalSection(ProjectConfigurationPlatforms) = postSolution
		{34ACBA19-0E63-48BD-B812-9241E77B5AD8}.Debug|Any CPU.ActiveCfg = Debug|Any CPU
		{34ACBA19-0E63-48BD-B812-9241E77B5AD8}.Debug|Any CPU.Build.0 = Debug|Any CPU
		{34ACBA19-0E63-48BD-B812-9241E77B5AD8}.Debug|x64.ActiveCfg = Debug|x64
		{34ACBA19-0E63-48BD-B812-9241E77B5AD8}.Debug|x64.Build.0 = Debug|x64
		{34ACBA19-0E63-48BD-B812-9241E77B5AD8}.Debug|x86.ActiveCfg = Debug|x86
		{34ACBA19-0E63-48BD-B812-9241E77B5AD8}.Debug|x86.Build.0 = Debug|x86
		{34ACBA19-0E63-48BD-B812-9241E77B5AD8}.Release|Any CPU.ActiveCfg = Release|Any CPU
		{34ACBA19-0E63-48BD-B812-9241E77B5AD8}.Release|Any CPU.Build.0 = Release|Any CPU
		{34ACBA19-0E63-48BD-B812-9241E77B5AD8}.Release|x64.ActiveCfg = Release|x64
		{34ACBA19-0E63-48BD-B812-9241E77B5AD8}.Release|x64.Build.0 = Release|x64
		{34ACBA19-0E63-48BD-B812-9241E77B5AD8}.Release|x86.ActiveCfg = Release|x86
		{34ACBA19-0E63-48BD-B812-9241E77B5AD8}.Release|x86.Build.0 = Release|x86
		{99C51667-AFAE-48E5-89A5-DB3BD01F3802}.Debug|Any CPU.ActiveCfg = Debug|x86
		{99C51667-AFAE-48E5-89A5-DB3BD01F3802}.Debug|x64.ActiveCfg = Debug|x64
		{99C51667-AFAE-48E5-89A5-DB3BD01F3802}.Debug|x64.Build.0 = Debug|x64
		{99C51667-AFAE-48E5-89A5-DB3BD01F3802}.Debug|x86.ActiveCfg = Debug|x86
		{99C51667-AFAE-48E5-89A5-DB3BD01F3802}.Debug|x86.Build.0 = Debug|x86
		{99C51667-AFAE-48E5-89A5-DB3BD01F3802}.Release|Any CPU.ActiveCfg = Release|x86
		{99C51667-AFAE-48E5-89A5-DB3BD01F3802}.Release|x64.ActiveCfg = Release|x64
		{99C51667-AFAE-48E5-89A5-DB3BD01F3802}.Release|x64.Build.0 = Release|x64
		{99C51667-AFAE-48E5-89A5-DB3BD01F3802}.Release|x86.ActiveCfg = Release|x86
		{99C51667-AFAE-48E5-89A5-DB3BD01F3802}.Release|x86.Build.0 = Release|x86
		{B833A5C9-55AA-488A-B676-07A2FB85B672}.Debug|Any CPU.ActiveCfg = Debug|Any CPU
		{B833A5C9-55AA-488A-B676-07A2FB85B672}.Debug|Any CPU.Build.0 = Debug|Any CPU
		{B833A5C9-55AA-488A-B676-07A2FB85B672}.Debug|x64.ActiveCfg = Debug|Any CPU
		{B833A5C9-55AA-488A-B676-07A2FB85B672}.Debug|x64.Build.0 = Debug|Any CPU
		{B833A5C9-55AA-488A-B676-07A2FB85B672}.Debug|x86.ActiveCfg = Debug|Any CPU
		{B833A5C9-55AA-488A-B676-07A2FB85B672}.Debug|x86.Build.0 = Debug|Any CPU
		{B833A5C9-55AA-488A-B676-07A2FB85B672}.Release|Any CPU.ActiveCfg = Release|Any CPU
		{B833A5C9-55AA-488A-B676-07A2FB85B672}.Release|Any CPU.Build.0 = Release|Any CPU
		{B833A5C9-55AA-488A-B676-07A2FB85B672}.Release|x64.ActiveCfg = Release|Any CPU
		{B833A5C9-55AA-488A-B676-07A2FB85B672}.Release|x64.Build.0 = Release|Any CPU
		{B833A5C9-55AA-488A-B676-07A2FB85B672}.Release|x86.ActiveCfg = Release|Any CPU
		{B833A5C9-55AA-488A-B676-07A2FB85B672}.Release|x86.Build.0 = Release|Any CPU
	EndGlobalSection
	GlobalSection(SolutionProperties) = preSolution
		HideSolutionNode = FALSE
	EndGlobalSection
	GlobalSection(ExtensibilityGlobals) = postSolution
		SolutionGuid = {CA7B4290-5DAC-4E61-A916-3A7E18B4C0CB}
	EndGlobalSection
EndGlobal
