
Microsoft Visual Studio Solution File, Format Version 12.00
# Visual Studio Version 16
VisualStudioVersion = 16.0.29403.142
MinimumVisualStudioVersion = 10.0.40219.1
Project("{8BC9CEB8-8B4A-11D0-8D11-00A0C91BC942}") = "BfmeMemScanner", "BfmeMemScanner\BfmeMemScanner.vcxproj", "{1616AA85-0098-4946-ABD3-999E4C49D94B}"
EndProject
Global
	GlobalSection(SolutionConfigurationPlatforms) = preSolution
		Debug|x64 = Debug|x64
		Debug|x86 = Debug|x86
		Release|x64 = Release|x64
		Release|x86 = Release|x86
	EndGlobalSection
	GlobalSection(ProjectConfigurationPlatforms) = postSolution
		{1616AA85-0098-4946-ABD3-999E4C49D94B}.Debug|x64.ActiveCfg = Debug|x64
		{1616AA85-0098-4946-ABD3-999E4C49D94B}.Debug|x64.Build.0 = Debug|x64
		{1616AA85-0098-4946-ABD3-999E4C49D94B}.Debug|x86.ActiveCfg = Debug|Win32
		{1616AA85-0098-4946-ABD3-999E4C49D94B}.Debug|x86.Build.0 = Debug|Win32
		{1616AA85-0098-4946-ABD3-999E4C49D94B}.Release|x64.ActiveCfg = Release|x64
		{1616AA85-0098-4946-ABD3-999E4C49D94B}.Release|x64.Build.0 = Release|x64
		{1616AA85-0098-4946-ABD3-999E4C49D94B}.Release|x86.ActiveCfg = Release|Win32
		{1616AA85-0098-4946-ABD3-999E4C49D94B}.Release|x86.Build.0 = Release|Win32
	EndGlobalSection
	GlobalSection(SolutionProperties) = preSolution
		HideSolutionNode = FALSE
	EndGlobalSection
	GlobalSection(ExtensibilityGlobals) = postSolution
		SolutionGuid = {58F347EC-8250-4EF0-8C5E-8149F4FF146E}
	EndGlobalSection
EndGlobal
